
Microsoft Visual Studio Solution File, Format Version 12.00
# Visual Studio Version 17
VisualStudioVersion = 17.2.32526.322
MinimumVisualStudioVersion = 10.0.40219.1
Project("{8BC9CEB8-8B4A-11D0-8D11-00A0C91BC942}") = "Curves3D", "3Dcurves\3Dcurves.vcxproj", "{FF2BFAB3-AB56-4C3F-B092-6C8221FF67CF}"
EndProject
Project("{8BC9CEB8-8B4A-11D0-8D11-00A0C91BC942}") = "CurvesPrint", "CurvesPrint\CurvesPrint.vcxproj", "{7955F81A-4738-4562-BD2B-FF3E3F27FE3C}"
EndProject
Global
	GlobalSection(SolutionConfigurationPlatforms) = preSolution
		Debug|x64 = Debug|x64
		Debug|x86 = Debug|x86
		Release|x64 = Release|x64
		Release|x86 = Release|x86
	EndGlobalSection
	GlobalSection(ProjectConfigurationPlatforms) = postSolution
		{FF2BFAB3-AB56-4C3F-B092-6C8221FF67CF}.Debug|x64.ActiveCfg = Debug|x64
		{FF2BFAB3-AB56-4C3F-B092-6C8221FF67CF}.Debug|x64.Build.0 = Debug|x64
		{FF2BFAB3-AB56-4C3F-B092-6C8221FF67CF}.Debug|x86.ActiveCfg = Debug|Win32
		{FF2BFAB3-AB56-4C3F-B092-6C8221FF67CF}.Debug|x86.Build.0 = Debug|Win32
		{FF2BFAB3-AB56-4C3F-B092-6C8221FF67CF}.Release|x64.ActiveCfg = Release|x64
		{FF2BFAB3-AB56-4C3F-B092-6C8221FF67CF}.Release|x64.Build.0 = Release|x64
		{FF2BFAB3-AB56-4C3F-B092-6C8221FF67CF}.Release|x86.ActiveCfg = Release|Win32
		{FF2BFAB3-AB56-4C3F-B092-6C8221FF67CF}.Release|x86.Build.0 = Release|Win32
		{7955F81A-4738-4562-BD2B-FF3E3F27FE3C}.Debug|x64.ActiveCfg = Debug|x64
		{7955F81A-4738-4562-BD2B-FF3E3F27FE3C}.Debug|x64.Build.0 = Debug|x64
		{7955F81A-4738-4562-BD2B-FF3E3F27FE3C}.Debug|x86.ActiveCfg = Debug|Win32
		{7955F81A-4738-4562-BD2B-FF3E3F27FE3C}.Debug|x86.Build.0 = Debug|Win32
		{7955F81A-4738-4562-BD2B-FF3E3F27FE3C}.Release|x64.ActiveCfg = Release|x64
		{7955F81A-4738-4562-BD2B-FF3E3F27FE3C}.Release|x64.Build.0 = Release|x64
		{7955F81A-4738-4562-BD2B-FF3E3F27FE3C}.Release|x86.ActiveCfg = Release|Win32
		{7955F81A-4738-4562-BD2B-FF3E3F27FE3C}.Release|x86.Build.0 = Release|Win32
	EndGlobalSection
	GlobalSection(SolutionProperties) = preSolution
		HideSolutionNode = FALSE
	EndGlobalSection
	GlobalSection(ExtensibilityGlobals) = postSolution
		SolutionGuid = {E5760D80-1CE2-42A7-A637-AA93628ADA41}
	EndGlobalSection
EndGlobal
